
Microsoft Visual Studio Solution File, Format Version 12.00
# Visual Studio Version 17
VisualStudioVersion = 17.5.002.0
MinimumVisualStudioVersion = 10.0.40219.1
Project("{9A19103F-16F7-4668-BE54-9A1E7A4F7556}") = "DotNetFirstWebApi", "DotNetFirstWebApi.csproj", "{A5BE7C78-D831-46B5-AC8A-5179C784F0E4}"
EndProject
Global
	GlobalSection(SolutionConfigurationPlatforms) = preSolution
		Debug|Any CPU = Debug|Any CPU
		Release|Any CPU = Release|Any CPU
	EndGlobalSection
	GlobalSection(ProjectConfigurationPlatforms) = postSolution
		{A5BE7C78-D831-46B5-AC8A-5179C784F0E4}.Debug|Any CPU.ActiveCfg = Debug|Any CPU
		{A5BE7C78-D831-46B5-AC8A-5179C784F0E4}.Debug|Any CPU.Build.0 = Debug|Any CPU
		{A5BE7C78-D831-46B5-AC8A-5179C784F0E4}.Release|Any CPU.ActiveCfg = Release|Any CPU
		{A5BE7C78-D831-46B5-AC8A-5179C784F0E4}.Release|Any CPU.Build.0 = Release|Any CPU
	EndGlobalSection
	GlobalSection(SolutionProperties) = preSolution
		HideSolutionNode = FALSE
	EndGlobalSection
	GlobalSection(ExtensibilityGlobals) = postSolution
		SolutionGuid = {FDC6DBFC-B89C-4140-90C6-0E8142580C64}
	EndGlobalSection
EndGlobal
